{
  "nodes": {
    "nixpkgs": {
      "locked": {
        "lastModified": 1658380158,
        "narHash": "sha256-DBunkegKWlxPZiOcw3/SNIFg93amkdGIy2g0y/jDpHg=",
        "owner": "NixOS",
        "repo": "nixpkgs",
        "rev": "a65b5b3f5504b8b89c196aba733bdf2b0bd13c16",
        "type": "github"
      },
      "original": {
        "owner": "NixOS",
        "ref": "nixos-unstable",
        "repo": "nixpkgs",
        "type": "github"
      }
    },
    "root": {
      "inputs": {
        "nixpkgs": "nixpkgs"
      }
    }
  },
  "root": "root",
  "version": 7
}
